lockfileVersion: '9.0'

settings:
  autoInstallPeers: true
  excludeLinksFromLockfile: false

importers:

  .:
    dependencies:
      '@phala/dstack-sdk':
        specifier: ^0.1.4
        version: 0.1.4(typescript@5.6.3)
      '@radix-ui/react-accordion':
        specifier: ^1.2.1
        version: 1.2.1(@types/react-dom@18.3.1)(@types/react@18.3.12)(react-dom@18.3.1(react@18.3.1))(react@18.3.1)
      '@radix-ui/react-icons':
        specifier: ^1.3.0
        version: 1.3.2(react@18.3.1)
      '@radix-ui/react-label':
        specifier: ^2.1.0
        version: 2.1.0(@types/react-dom@18.3.1)(@types/react@18.3.12)(react-dom@18.3.1(react@18.3.1))(react@18.3.1)
      '@radix-ui/react-slot':
        specifier: ^1.1.0
        version: 1.1.0(@types/react@18.3.12)(react@18.3.1)
      '@radix-ui/react-tabs':
        specifier: ^1.1.1
        version: 1.1.1(@types/react-dom@18.3.1)(@types/react@18.3.12)(react-dom@18.3.1(react@18.3.1))(react@18.3.1)
      class-variance-authority:
        specifier: ^0.7.0
        version: 0.7.0
      clsx:
        specifier: ^2.1.1
        version: 2.1.1
      dotenv:
        specifier: ^16.4.5
        version: 16.4.5
      form-data:
        specifier: ^4.0.1
        version: 4.0.1
      net:
        specifier: ^1.0.2
        version: 1.0.2
      next:
        specifier: 14.2.15
        version: 14.2.15(react-dom@18.3.1(react@18.3.1))(react@18.3.1)
      react:
        specifier: ^18
        version: 18.3.1
      react-dom:
        specifier: ^18
        version: 18.3.1(react@18.3.1)
      superjson:
        specifier: ^2.2.1
        version: 2.2.1
      tailwind-merge:
        specifier: ^2.5.4
        version: 2.5.4
      viem:
        specifier: ^2.21.26
        version: 2.21.45(typescript@5.6.3)
    devDependencies:
      '@types/node':
        specifier: ^20
        version: 20.17.6
      '@types/react':
        specifier: ^18
        version: 18.3.12
      '@types/react-dom':
        specifier: ^18
        version: 18.3.1
      typescript:
        specifier: ^5
        version: 5.6.3

packages:

  '@adraffy/ens-normalize@1.11.0':
    resolution: {integrity: sha512-/3DDPKHqqIqxUULp8yP4zODUY1i+2xvVWsv8A79xGWdCAG+8sb0hRh0Rk2QyOJUnnbyPUAZYcpBuRe3nS2OIUg==}

  '@next/env@14.2.15':
    resolution: {integrity: sha512-S1qaj25Wru2dUpcIZMjxeMVSwkt8BK4dmWHHiBuRstcIyOsMapqT4A4jSB6onvqeygkSSmOkyny9VVx8JIGamQ==}

  '@next/swc-darwin-arm64@14.2.15':
    resolution: {integrity: sha512-Rvh7KU9hOUBnZ9TJ28n2Oa7dD9cvDBKua9IKx7cfQQ0GoYUwg9ig31O2oMwH3wm+pE3IkAQ67ZobPfEgurPZIA==}
    engines: {node: '>= 10'}
    cpu: [arm64]
    os: [darwin]

  '@next/swc-darwin-x64@14.2.15':
    resolution: {integrity: sha512-5TGyjFcf8ampZP3e+FyCax5zFVHi+Oe7sZyaKOngsqyaNEpOgkKB3sqmymkZfowy3ufGA/tUgDPPxpQx931lHg==}
    engines: {node: '>= 10'}
    cpu: [x64]
    os: [darwin]

  '@next/swc-linux-arm64-gnu@14.2.15':
    resolution: {integrity: sha512-3Bwv4oc08ONiQ3FiOLKT72Q+ndEMyLNsc/D3qnLMbtUYTQAmkx9E/JRu0DBpHxNddBmNT5hxz1mYBphJ3mfrrw==}
    engines: {node: '>= 10'}
    cpu: [arm64]
    os: [linux]

  '@next/swc-linux-arm64-musl@14.2.15':
    resolution: {integrity: sha512-k5xf/tg1FBv/M4CMd8S+JL3uV9BnnRmoe7F+GWC3DxkTCD9aewFRH1s5rJ1zkzDa+Do4zyN8qD0N8c84Hu96FQ==}
    engines: {node: '>= 10'}
    cpu: [arm64]
    os: [linux]

  '@next/swc-linux-x64-gnu@14.2.15':
    resolution: {integrity: sha512-kE6q38hbrRbKEkkVn62reLXhThLRh6/TvgSP56GkFNhU22TbIrQDEMrO7j0IcQHcew2wfykq8lZyHFabz0oBrA==}
    engines: {node: '>= 10'}
    cpu: [x64]
    os: [linux]

  '@next/swc-linux-x64-musl@14.2.15':
    resolution: {integrity: sha512-PZ5YE9ouy/IdO7QVJeIcyLn/Rc4ml9M2G4y3kCM9MNf1YKvFY4heg3pVa/jQbMro+tP6yc4G2o9LjAz1zxD7tQ==}
    engines: {node: '>= 10'}
    cpu: [x64]
    os: [linux]

  '@next/swc-win32-arm64-msvc@14.2.15':
    resolution: {integrity: sha512-2raR16703kBvYEQD9HNLyb0/394yfqzmIeyp2nDzcPV4yPjqNUG3ohX6jX00WryXz6s1FXpVhsCo3i+g4RUX+g==}
    engines: {node: '>= 10'}
    cpu: [arm64]
    os: [win32]

  '@next/swc-win32-ia32-msvc@14.2.15':
    resolution: {integrity: sha512-fyTE8cklgkyR1p03kJa5zXEaZ9El+kDNM5A+66+8evQS5e/6v0Gk28LqA0Jet8gKSOyP+OTm/tJHzMlGdQerdQ==}
    engines: {node: '>= 10'}
    cpu: [ia32]
    os: [win32]

  '@next/swc-win32-x64-msvc@14.2.15':
    resolution: {integrity: sha512-SzqGbsLsP9OwKNUG9nekShTwhj6JSB9ZLMWQ8g1gG6hdE5gQLncbnbymrwy2yVmH9nikSLYRYxYMFu78Ggp7/g==}
    engines: {node: '>= 10'}
    cpu: [x64]
    os: [win32]

  '@noble/curves@1.6.0':
    resolution: {integrity: sha512-TlaHRXDehJuRNR9TfZDNQ45mMEd5dwUwmicsafcIX4SsNiqnCHKjE/1alYPd/lDRVhxdhUAlv8uEhMCI5zjIJQ==}
    engines: {node: ^14.21.3 || >=16}

  '@noble/hashes@1.5.0':
    resolution: {integrity: sha512-1j6kQFb7QRru7eKN3ZDvRcP13rugwdxZqCjbiAVZfIJwgj2A65UmT4TgARXGlXgnRkORLTDTrO19ZErt7+QXgA==}
    engines: {node: ^14.21.3 || >=16}

  '@phala/dstack-sdk@0.1.4':
    resolution: {integrity: sha512-slh2ltTrq2cgMztapvTFFRHtO4Ilx3NMhXYh3+ypSO2T2ANWgoqEzEoTT69OctyzMOTgYcyfla7uH8A3cLPaTQ==}
    engines: {node: '>=18.0.0'}

  '@radix-ui/primitive@1.1.0':
    resolution: {integrity: sha512-4Z8dn6Upk0qk4P74xBhZ6Hd/w0mPEzOOLxy4xiPXOXqjF7jZS0VAKk7/x/H6FyY2zCkYJqePf1G5KmkmNJ4RBA==}

  '@radix-ui/react-accordion@1.2.1':
    resolution: {integrity: sha512-bg/l7l5QzUjgsh8kjwDFommzAshnUsuVMV5NM56QVCm+7ZckYdd9P/ExR8xG/Oup0OajVxNLaHJ1tb8mXk+nzQ==}
    peerDependencies:
      '@types/react': '*'
      '@types/react-dom': '*'
      react: ^16.8 || ^17.0 || ^18.0 || ^19.0 || ^19.0.0-rc
      react-dom: ^16.8 || ^17.0 || ^18.0 || ^19.0 || ^19.0.0-rc
    peerDependenciesMeta:
      '@types/react':
        optional: true
      '@types/react-dom':
        optional: true

  '@radix-ui/react-collapsible@1.1.1':
    resolution: {integrity: sha512-1///SnrfQHJEofLokyczERxQbWfCGQlQ2XsCZMucVs6it+lq9iw4vXy+uDn1edlb58cOZOWSldnfPAYcT4O/Yg==}
    peerDependencies:
      '@types/react': '*'
      '@types/react-dom': '*'
      react: ^16.8 || ^17.0 || ^18.0 || ^19.0 || ^19.0.0-rc
      react-dom: ^16.8 || ^17.0 || ^18.0 || ^19.0 || ^19.0.0-rc
    peerDependenciesMeta:
      '@types/react':
        optional: true
      '@types/react-dom':
        optional: true

  '@radix-ui/react-collection@1.1.0':
    resolution: {integrity: sha512-GZsZslMJEyo1VKm5L1ZJY8tGDxZNPAoUeQUIbKeJfoi7Q4kmig5AsgLMYYuyYbfjd8fBmFORAIwYAkXMnXZgZw==}
    peerDependencies:
      '@types/react': '*'
      '@types/react-dom': '*'
      react: ^16.8 || ^17.0 || ^18.0 || ^19.0 || ^19.0.0-rc
      react-dom: ^16.8 || ^17.0 || ^18.0 || ^19.0 || ^19.0.0-rc
    peerDependenciesMeta:
      '@types/react':
        optional: true
      '@types/react-dom':
        optional: true

  '@radix-ui/react-compose-refs@1.1.0':
    resolution: {integrity: sha512-b4inOtiaOnYf9KWyO3jAeeCG6FeyfY6ldiEPanbUjWd+xIk5wZeHa8yVwmrJ2vderhu/BQvzCrJI0lHd+wIiqw==}
    peerDependencies:
      '@types/react': '*'
      react: ^16.8 || ^17.0 || ^18.0 || ^19.0 || ^19.0.0-rc
    peerDependenciesMeta:
      '@types/react':
        optional: true

  '@radix-ui/react-context@1.1.0':
    resolution: {integrity: sha512-OKrckBy+sMEgYM/sMmqmErVn0kZqrHPJze+Ql3DzYsDDp0hl0L62nx/2122/Bvps1qz645jlcu2tD9lrRSdf8A==}
    peerDependencies:
      '@types/react': '*'
      react: ^16.8 || ^17.0 || ^18.0 || ^19.0 || ^19.0.0-rc
    peerDependenciesMeta:
      '@types/react':
        optional: true

  '@radix-ui/react-context@1.1.1':
    resolution: {integrity: sha512-UASk9zi+crv9WteK/NU4PLvOoL3OuE6BWVKNF6hPRBtYBDXQ2u5iu3O59zUlJiTVvkyuycnqrztsHVJwcK9K+Q==}
    peerDependencies:
      '@types/react': '*'
      react: ^16.8 || ^17.0 || ^18.0 || ^19.0 || ^19.0.0-rc
    peerDependenciesMeta:
      '@types/react':
        optional: true

  '@radix-ui/react-direction@1.1.0':
    resolution: {integrity: sha512-BUuBvgThEiAXh2DWu93XsT+a3aWrGqolGlqqw5VU1kG7p/ZH2cuDlM1sRLNnY3QcBS69UIz2mcKhMxDsdewhjg==}
    peerDependencies:
      '@types/react': '*'
      react: ^16.8 || ^17.0 || ^18.0 || ^19.0 || ^19.0.0-rc
    peerDependenciesMeta:
      '@types/react':
        optional: true

  '@radix-ui/react-icons@1.3.2':
    resolution: {integrity: sha512-fyQIhGDhzfc9pK2kH6Pl9c4BDJGfMkPqkyIgYDthyNYoNg3wVhoJMMh19WS4Up/1KMPFVpNsT2q3WmXn2N1m6g==}
    peerDependencies:
      react: ^16.x || ^17.x || ^18.x || ^19.0.0 || ^19.0.0-rc

  '@radix-ui/react-id@1.1.0':
    resolution: {integrity: sha512-EJUrI8yYh7WOjNOqpoJaf1jlFIH2LvtgAl+YcFqNCa+4hj64ZXmPkAKOFs/ukjz3byN6bdb/AVUqHkI8/uWWMA==}
    peerDependencies:
      '@types/react': '*'
      react: ^16.8 || ^17.0 || ^18.0 || ^19.0 || ^19.0.0-rc
    peerDependenciesMeta:
      '@types/react':
        optional: true

  '@radix-ui/react-label@2.1.0':
    resolution: {integrity: sha512-peLblDlFw/ngk3UWq0VnYaOLy6agTZZ+MUO/WhVfm14vJGML+xH4FAl2XQGLqdefjNb7ApRg6Yn7U42ZhmYXdw==}
    peerDependencies:
      '@types/react': '*'
      '@types/react-dom': '*'
      react: ^16.8 || ^17.0 || ^18.0 || ^19.0 || ^19.0.0-rc
      react-dom: ^16.8 || ^17.0 || ^18.0 || ^19.0 || ^19.0.0-rc
    peerDependenciesMeta:
      '@types/react':
        optional: true
      '@types/react-dom':
        optional: true

  '@radix-ui/react-presence@1.1.1':
    resolution: {integrity: sha512-IeFXVi4YS1K0wVZzXNrbaaUvIJ3qdY+/Ih4eHFhWA9SwGR9UDX7Ck8abvL57C4cv3wwMvUE0OG69Qc3NCcTe/A==}
    peerDependencies:
      '@types/react': '*'
      '@types/react-dom': '*'
      react: ^16.8 || ^17.0 || ^18.0 || ^19.0 || ^19.0.0-rc
      react-dom: ^16.8 || ^17.0 || ^18.0 || ^19.0 || ^19.0.0-rc
    peerDependenciesMeta:
      '@types/react':
        optional: true
      '@types/react-dom':
        optional: true

  '@radix-ui/react-primitive@2.0.0':
    resolution: {integrity: sha512-ZSpFm0/uHa8zTvKBDjLFWLo8dkr4MBsiDLz0g3gMUwqgLHz9rTaRRGYDgvZPtBJgYCBKXkS9fzmoySgr8CO6Cw==}
    peerDependencies:
      '@types/react': '*'
      '@types/react-dom': '*'
      react: ^16.8 || ^17.0 || ^18.0 || ^19.0 || ^19.0.0-rc
      react-dom: ^16.8 || ^17.0 || ^18.0 || ^19.0 || ^19.0.0-rc
    peerDependenciesMeta:
      '@types/react':
        optional: true
      '@types/react-dom':
        optional: true

  '@radix-ui/react-roving-focus@1.1.0':
    resolution: {integrity: sha512-EA6AMGeq9AEeQDeSH0aZgG198qkfHSbvWTf1HvoDmOB5bBG/qTxjYMWUKMnYiV6J/iP/J8MEFSuB2zRU2n7ODA==}
    peerDependencies:
      '@types/react': '*'
      '@types/react-dom': '*'
      react: ^16.8 || ^17.0 || ^18.0 || ^19.0 || ^19.0.0-rc
      react-dom: ^16.8 || ^17.0 || ^18.0 || ^19.0 || ^19.0.0-rc
    peerDependenciesMeta:
      '@types/react':
        optional: true
      '@types/react-dom':
        optional: true

  '@radix-ui/react-slot@1.1.0':
    resolution: {integrity: sha512-FUCf5XMfmW4dtYl69pdS4DbxKy8nj4M7SafBgPllysxmdachynNflAdp/gCsnYWNDnge6tI9onzMp5ARYc1KNw==}
    peerDependencies:
      '@types/react': '*'
      react: ^16.8 || ^17.0 || ^18.0 || ^19.0 || ^19.0.0-rc
    peerDependenciesMeta:
      '@types/react':
        optional: true

  '@radix-ui/react-tabs@1.1.1':
    resolution: {integrity: sha512-3GBUDmP2DvzmtYLMsHmpA1GtR46ZDZ+OreXM/N+kkQJOPIgytFWWTfDQmBQKBvaFS0Vno0FktdbVzN28KGrMdw==}
    peerDependencies:
      '@types/react': '*'
      '@types/react-dom': '*'
      react: ^16.8 || ^17.0 || ^18.0 || ^19.0 || ^19.0.0-rc
      react-dom: ^16.8 || ^17.0 || ^18.0 || ^19.0 || ^19.0.0-rc
    peerDependenciesMeta:
      '@types/react':
        optional: true
      '@types/react-dom':
        optional: true

  '@radix-ui/react-use-callback-ref@1.1.0':
    resolution: {integrity: sha512-CasTfvsy+frcFkbXtSJ2Zu9JHpN8TYKxkgJGWbjiZhFivxaeW7rMeZt7QELGVLaYVfFMsKHjb7Ak0nMEe+2Vfw==}
    peerDependencies:
      '@types/react': '*'
      react: ^16.8 || ^17.0 || ^18.0 || ^19.0 || ^19.0.0-rc
    peerDependenciesMeta:
      '@types/react':
        optional: true

  '@radix-ui/react-use-controllable-state@1.1.0':
    resolution: {integrity: sha512-MtfMVJiSr2NjzS0Aa90NPTnvTSg6C/JLCV7ma0W6+OMV78vd8OyRpID+Ng9LxzsPbLeuBnWBA1Nq30AtBIDChw==}
    peerDependencies:
      '@types/react': '*'
      react: ^16.8 || ^17.0 || ^18.0 || ^19.0 || ^19.0.0-rc
    peerDependenciesMeta:
      '@types/react':
        optional: true

  '@radix-ui/react-use-layout-effect@1.1.0':
    resolution: {integrity: sha512-+FPE0rOdziWSrH9athwI1R0HDVbWlEhd+FR+aSDk4uWGmSJ9Z54sdZVDQPZAinJhJXwfT+qnj969mCsT2gfm5w==}
    peerDependencies:
      '@types/react': '*'
      react: ^16.8 || ^17.0 || ^18.0 || ^19.0 || ^19.0.0-rc
    peerDependenciesMeta:
      '@types/react':
        optional: true

  '@scure/base@1.1.9':
    resolution: {integrity: sha512-8YKhl8GHiNI/pU2VMaofa2Tor7PJRAjwQLBBuilkJ9L5+13yVbC7JO/wS7piioAvPSwR3JKM1IJ/u4xQzbcXKg==}

  '@scure/bip32@1.5.0':
    resolution: {integrity: sha512-8EnFYkqEQdnkuGBVpCzKxyIwDCBLDVj3oiX0EKUFre/tOjL/Hqba1D6n/8RcmaQy4f95qQFrO2A8Sr6ybh4NRw==}

  '@scure/bip39@1.4.0':
    resolution: {integrity: sha512-BEEm6p8IueV/ZTfQLp/0vhw4NPnT9oWf5+28nvmeUICjP99f4vr2d+qc7AVGDDtwRep6ifR43Yed9ERVmiITzw==}

  '@swc/counter@0.1.3':
    resolution: {integrity: sha512-e2BR4lsJkkRlKZ/qCHPw9ZaSxc0MVUd7gtbtaB7aMvHeJVYe8sOB8DBZkP2DtISHGSku9sCK6T6cnY0CtXrOCQ==}

  '@swc/helpers@0.5.5':
    resolution: {integrity: sha512-KGYxvIOXcceOAbEk4bi/dVLEK9z8sZ0uBB3Il5b1rhfClSpcX0yfRO0KmTkqR2cnQDymwLB+25ZyMzICg/cm/A==}

  '@types/node@20.17.6':
    resolution: {integrity: sha512-VEI7OdvK2wP7XHnsuXbAJnEpEkF6NjSN45QJlL4VGqZSXsnicpesdTWsg9RISeSdYd3yeRj/y3k5KGjUXYnFwQ==}

  '@types/prop-types@15.7.13':
    resolution: {integrity: sha512-hCZTSvwbzWGvhqxp/RqVqwU999pBf2vp7hzIjiYOsl8wqOmUxkQ6ddw1cV3l8811+kdUFus/q4d1Y3E3SyEifA==}

  '@types/react-dom@18.3.1':
    resolution: {integrity: sha512-qW1Mfv8taImTthu4KoXgDfLuk4bydU6Q/TkADnDWWHwi4NX4BR+LWfTp2sVmTqRrsHvyDDTelgelxJ+SsejKKQ==}

  '@types/react@18.3.12':
    resolution: {integrity: sha512-D2wOSq/d6Agt28q7rSI3jhU7G6aiuzljDGZ2hTZHIkrTLUI+AF3WMeKkEZ9nN2fkBAlcktT6vcZjDFiIhMYEQw==}

  abitype@1.0.6:
    resolution: {integrity: sha512-MMSqYh4+C/aVqI2RQaWqbvI4Kxo5cQV40WQ4QFtDnNzCkqChm8MuENhElmynZlO0qUy/ObkEUaXtKqYnx1Kp3A==}
    peerDependencies:
      typescript: '>=5.0.4'
      zod: ^3 >=3.22.0
    peerDependenciesMeta:
      typescript:
        optional: true
      zod:
        optional: true

  asynckit@0.4.0:
    resolution: {integrity: sha512-Oei9OH4tRh0YqU3GxhX79dM/mwVgvbZJaSNaRk+bshkj0S5cfHcgYakreBjrHwatXKbz+IoIdYLxrKim2MjW0Q==}

  busboy@1.6.0:
    resolution: {integrity: sha512-8SFQbg/0hQ9xy3UNTB0YEnsNBbWfhf7RtnzpL7TkBiTBRfrQ9Fxcnz7VJsleJpyp6rVLvXiuORqjlHi5q+PYuA==}
    engines: {node: '>=10.16.0'}

  caniuse-lite@1.0.30001680:
    resolution: {integrity: sha512-rPQy70G6AGUMnbwS1z6Xg+RkHYPAi18ihs47GH0jcxIG7wArmPgY3XbS2sRdBbxJljp3thdT8BIqv9ccCypiPA==}

  class-variance-authority@0.7.0:
    resolution: {integrity: sha512-jFI8IQw4hczaL4ALINxqLEXQbWcNjoSkloa4IaufXCJr6QawJyw7tuRysRsrE8w2p/4gGaxKIt/hX3qz/IbD1A==}

  client-only@0.0.1:
    resolution: {integrity: sha512-IV3Ou0jSMzZrd3pZ48nLkT9DA7Ag1pnPzaiQhpW7c3RbcqqzvzzVu+L8gfqMp/8IM2MQtSiqaCxrrcfu8I8rMA==}

  clsx@2.0.0:
    resolution: {integrity: sha512-rQ1+kcj+ttHG0MKVGBUXwayCCF1oh39BF5COIpRzuCEv8Mwjv0XucrI2ExNTOn9IlLifGClWQcU9BrZORvtw6Q==}
    engines: {node: '>=6'}

  clsx@2.1.1:
    resolution: {integrity: sha512-eYm0QWBtUrBWZWG0d386OGAw16Z995PiOVo2B7bjWSbHedGl5e0ZWaq65kOGgUSNesEIDkB9ISbTg/JK9dhCZA==}
    engines: {node: '>=6'}

  combined-stream@1.0.8:
    resolution: {integrity: sha512-FQN4MRfuJeHf7cBbBMJFXhKSDq+2kAArBlmRBvcvFE5BB1HZKXtSFASDhdlz9zOYwxh8lDdnvmMOe/+5cdoEdg==}
    engines: {node: '>= 0.8'}

  copy-anything@3.0.5:
    resolution: {integrity: sha512-yCEafptTtb4bk7GLEQoM8KVJpxAfdBJYaXyzQEgQQQgYrZiDp8SJmGKlYza6CYjEDNstAdNdKA3UuoULlEbS6w==}
    engines: {node: '>=12.13'}

  csstype@3.1.3:
    resolution: {integrity: sha512-M1uQkMl8rQK/szD0LNhtqxIPLpimGm8sOBwU7lLnCpSbTyY3yeU1Vc7l4KT5zT4s/yOxHH5O7tIuuLOCnLADRw==}

  delayed-stream@1.0.0:
    resolution: {integrity: sha512-ZySD7Nf91aLB0RxL4KGrKHBXl7Eds1DAmEdcoVawXnLD7SDhpNgtuII2aAkg7a7QS41jxPSZ17p4VdGnMHk3MQ==}
    engines: {node: '>=0.4.0'}

  dotenv@16.4.5:
    resolution: {integrity: sha512-ZmdL2rui+eB2YwhsWzjInR8LldtZHGDoQ1ugH85ppHKwpUHL7j7rN0Ti9NCnGiQbhaZ11FpR+7ao1dNsmduNUg==}
    engines: {node: '>=12'}

  eventemitter3@5.0.1:
    resolution: {integrity: sha512-GWkBvjiSZK87ELrYOSESUYeVIc9mvLLf/nXalMOS5dYrgZq9o5OVkbZAVM06CVxYsCwH9BDZFPlQTlPA1j4ahA==}

  form-data@4.0.1:
    resolution: {integrity: sha512-tzN8e4TX8+kkxGPK8D5u0FNmjPUjw3lwC9lSLxxoB/+GtsJG91CO8bSWy73APlgAZzZbXEYZJuxjkHH2w+Ezhw==}
    engines: {node: '>= 6'}

  graceful-fs@4.2.11:
    resolution: {integrity: sha512-RbJ5/jmFcNNCcDV5o9eTnBLJ/HszWV0P73bc+Ff4nS/rJj+YaS6IGyiOL0VoBYX+l1Wrl3k63h/KrH+nhJ0XvQ==}

  is-what@4.1.16:
    resolution: {integrity: sha512-ZhMwEosbFJkA0YhFnNDgTM4ZxDRsS6HqTo7qsZM08fehyRYIYa0yHu5R6mgo1n/8MgaPBXiPimPD77baVFYg+A==}
    engines: {node: '>=12.13'}

  isows@1.0.6:
    resolution: {integrity: sha512-lPHCayd40oW98/I0uvgaHKWCSvkzY27LjWLbtzOm64yQ+G3Q5npjjbdppU65iZXkK1Zt+kH9pfegli0AYfwYYw==}
    peerDependencies:
      ws: '*'

  js-tokens@4.0.0:
    resolution: {integrity: sha512-RdJUflcE3cUzKiMqQgsCu06FPu9UdIJO0beYbPhHN4k6apgJtifcoCtT9bcxOpYBtpD2kCM6Sbzg4CausW/PKQ==}

  loose-envify@1.4.0:
    resolution: {integrity: sha512-lyuxPGr/Wfhrlem2CL/UcnUc1zcqKAImBDzukY7Y5F/yQiNdko6+fRLevlw1HgMySw7f611UIY408EtxRSoK3Q==}
    hasBin: true

  mime-db@1.52.0:
    resolution: {integrity: sha512-sPU4uV7dYlvtWJxwwxHD0PuihVNiE7TyAbQ5SWxDCB9mUYvOgroQOwYQQOKPJ8CIbE+1ETVlOoK1UC2nU3gYvg==}
    engines: {node: '>= 0.6'}

  mime-types@2.1.35:
    resolution: {integrity: sha512-ZDY+bPm5zTTF+YpCrAU9nK0UgICYPT0QtT1NZWFv4s++TNkcgVaT0g6+4R2uI4MjQjzysHB1zxuWL50hzaeXiw==}
    engines: {node: '>= 0.6'}

  nanoid@3.3.7:
    resolution: {integrity: sha512-eSRppjcPIatRIMC1U6UngP8XFcz8MQWGQdt1MTBQ7NaAmvXDfvNxbvWV3x2y6CdEUciCSsDHDQZbhYaB8QEo2g==}
    engines: {node: ^10 || ^12 || ^13.7 || ^14 || >=15.0.1}
    hasBin: true

  net@1.0.2:
    resolution: {integrity: sha512-kbhcj2SVVR4caaVnGLJKmlk2+f+oLkjqdKeQlmUtz6nGzOpbcobwVIeSURNgraV/v3tlmGIX82OcPCl0K6RbHQ==}

  next@14.2.15:
    resolution: {integrity: sha512-h9ctmOokpoDphRvMGnwOJAedT6zKhwqyZML9mDtspgf4Rh3Pn7UTYKqePNoDvhsWBAO5GoPNYshnAUGIazVGmw==}
    engines: {node: '>=18.17.0'}
    hasBin: true
    peerDependencies:
      '@opentelemetry/api': ^1.1.0
      '@playwright/test': ^1.41.2
      react: ^18.2.0
      react-dom: ^18.2.0
      sass: ^1.3.0
    peerDependenciesMeta:
      '@opentelemetry/api':
        optional: true
      '@playwright/test':
        optional: true
      sass:
        optional: true

  ox@0.1.2:
    resolution: {integrity: sha512-ak/8K0Rtphg9vnRJlbOdaX9R7cmxD2MiSthjWGaQdMk3D7hrAlDoM+6Lxn7hN52Za3vrXfZ7enfke/5WjolDww==}
    peerDependencies:
      typescript: '>=5.4.0'
    peerDependenciesMeta:
      typescript:
        optional: true

  picocolors@1.1.1:
    resolution: {integrity: sha512-xceH2snhtb5M9liqDsmEw56le376mTZkEX/jEb/RxNFyegNul7eNslCXP9FDj/Lcu0X8KEyMceP2ntpaHrDEVA==}

  postcss@8.4.31:
    resolution: {integrity: sha512-PS08Iboia9mts/2ygV3eLpY5ghnUcfLV/EXTOW1E2qYxJKGGBUtNjN76FYHnMs36RmARn41bC0AZmn+rR0OVpQ==}
    engines: {node: ^10 || ^12 || >=14}

  react-dom@18.3.1:
    resolution: {integrity: sha512-5m4nQKp+rZRb09LNH59GM4BxTh9251/ylbKIbpe7TpGxfJ+9kv6BLkLBXIjjspbgbnIBNqlI23tRnTWT0snUIw==}
    peerDependencies:
      react: ^18.3.1

  react@18.3.1:
    resolution: {integrity: sha512-wS+hAgJShR0KhEvPJArfuPVN1+Hz1t0Y6n5jLrGQbkb4urgPE/0Rve+1kMB1v/oWgHgm4WIcV+i7F2pTVj+2iQ==}
    engines: {node: '>=0.10.0'}

  scheduler@0.23.2:
    resolution: {integrity: sha512-UOShsPwz7NrMUqhR6t0hWjFduvOzbtv7toDH1/hIrfRNIDBnnBWd0CwJTGvTpngVlmwGCdP9/Zl/tVrDqcuYzQ==}

  source-map-js@1.2.1:
    resolution: {integrity: sha512-UXWMKhLOwVKb728IUtQPXxfYU+usdybtUrK/8uGE8CQMvrhOpwvzDBwj0QhSL7MQc7vIsISBG8VQ8+IDQxpfQA==}
    engines: {node: '>=0.10.0'}

  streamsearch@1.1.0:
    resolution: {integrity: sha512-Mcc5wHehp9aXz1ax6bZUyY5afg9u2rv5cqQI3mRrYkGC8rW2hM02jWuwjtL++LS5qinSyhj2QfLyNsuc+VsExg==}
    engines: {node: '>=10.0.0'}

  styled-jsx@5.1.1:
    resolution: {integrity: sha512-pW7uC1l4mBZ8ugbiZrcIsiIvVx1UmTfw7UkC3Um2tmfUq9Bhk8IiyEIPl6F8agHgjzku6j0xQEZbfA5uSgSaCw==}
    engines: {node: '>= 12.0.0'}
    peerDependencies:
      '@babel/core': '*'
      babel-plugin-macros: '*'
      react: '>= 16.8.0 || 17.x.x || ^18.0.0-0'
    peerDependenciesMeta:
      '@babel/core':
        optional: true
      babel-plugin-macros:
        optional: true

  superjson@2.2.1:
    resolution: {integrity: sha512-8iGv75BYOa0xRJHK5vRLEjE2H/i4lulTjzpUXic3Eg8akftYjkmQDa8JARQ42rlczXyFR3IeRoeFCc7RxHsYZA==}
    engines: {node: '>=16'}

  tailwind-merge@2.5.4:
    resolution: {integrity: sha512-0q8cfZHMu9nuYP/b5Shb7Y7Sh1B7Nnl5GqNr1U+n2p6+mybvRtayrQ+0042Z5byvTA8ihjlP8Odo8/VnHbZu4Q==}

  tslib@2.8.1:
    resolution: {integrity: sha512-oJFu94HQb+KVduSUQL7wnpmqnfmLsOA/nAh6b6EH0wCEoK0/mPeXU6c3wKDV83MkOuHPRHtSXKKU99IBazS/2w==}

  typescript@5.6.3:
    resolution: {integrity: sha512-hjcS1mhfuyi4WW8IWtjP7brDrG2cuDZukyrYrSauoXGNgx0S7zceP07adYkJycEr56BOUTNPzbInooiN3fn1qw==}
    engines: {node: '>=14.17'}
    hasBin: true

  undici-types@6.19.8:
    resolution: {integrity: sha512-ve2KP6f/JnbPBFyobGHuerC9g1FYGn/F8n1LWTwNxCEzd6IfqTwUQcNXgEtmmQ6DlRrC1hrSrBnCZPokRrDHjw==}

  viem@2.21.45:
    resolution: {integrity: sha512-I+On/IiaObQdhDKWU5Rurh6nf3G7reVkAODG5ECIfjsrGQ3EPJnxirUPT4FNV6bWER5iphoG62/TidwuTSOA1A==}
    peerDependencies:
      typescript: '>=5.0.4'
    peerDependenciesMeta:
      typescript:
        optional: true

  webauthn-p256@0.0.10:
    resolution: {integrity: sha512-EeYD+gmIT80YkSIDb2iWq0lq2zbHo1CxHlQTeJ+KkCILWpVy3zASH3ByD4bopzfk0uCwXxLqKGLqp2W4O28VFA==}

  ws@8.18.0:
    resolution: {integrity: sha512-8VbfWfHLbbwu3+N6OKsOMpBdT4kXPDDB9cJk2bJ6mh9ucxdlnNvH1e+roYkKmN9Nxw2yjz7VzeO9oOz2zJ04Pw==}
    engines: {node: '>=10.0.0'}
    peerDependencies:
      bufferutil: ^4.0.1
      utf-8-validate: '>=5.0.2'
    peerDependenciesMeta:
      bufferutil:
        optional: true
      utf-8-validate:
        optional: true

snapshots:

  '@adraffy/ens-normalize@1.11.0': {}

  '@next/env@14.2.15': {}

  '@next/swc-darwin-arm64@14.2.15':
    optional: true

  '@next/swc-darwin-x64@14.2.15':
    optional: true

  '@next/swc-linux-arm64-gnu@14.2.15':
    optional: true

  '@next/swc-linux-arm64-musl@14.2.15':
    optional: true

  '@next/swc-linux-x64-gnu@14.2.15':
    optional: true

  '@next/swc-linux-x64-musl@14.2.15':
    optional: true

  '@next/swc-win32-arm64-msvc@14.2.15':
    optional: true

  '@next/swc-win32-ia32-msvc@14.2.15':
    optional: true

  '@next/swc-win32-x64-msvc@14.2.15':
    optional: true

  '@noble/curves@1.6.0':
    dependencies:
      '@noble/hashes': 1.5.0

  '@noble/hashes@1.5.0': {}

  '@phala/dstack-sdk@0.1.4(typescript@5.6.3)':
    optionalDependencies:
      viem: 2.21.45(typescript@5.6.3)
    transitivePeerDependencies:
      - bufferutil
      - typescript
      - utf-8-validate
      - zod

  '@radix-ui/primitive@1.1.0': {}

  '@radix-ui/react-accordion@1.2.1(@types/react-dom@18.3.1)(@types/react@18.3.12)(react-dom@18.3.1(react@18.3.1))(react@18.3.1)':
    dependencies:
      '@radix-ui/primitive': 1.1.0
      '@radix-ui/react-collapsible': 1.1.1(@types/react-dom@18.3.1)(@types/react@18.3.12)(react-dom@18.3.1(react@18.3.1))(react@18.3.1)
      '@radix-ui/react-collection': 1.1.0(@types/react-dom@18.3.1)(@types/react@18.3.12)(react-dom@18.3.1(react@18.3.1))(react@18.3.1)
      '@radix-ui/react-compose-refs': 1.1.0(@types/react@18.3.12)(react@18.3.1)
      '@radix-ui/react-context': 1.1.1(@types/react@18.3.12)(react@18.3.1)
      '@radix-ui/react-direction': 1.1.0(@types/react@18.3.12)(react@18.3.1)
      '@radix-ui/react-id': 1.1.0(@types/react@18.3.12)(react@18.3.1)
      '@radix-ui/react-primitive': 2.0.0(@types/react-dom@18.3.1)(@types/react@18.3.12)(react-dom@18.3.1(react@18.3.1))(react@18.3.1)
      '@radix-ui/react-use-controllable-state': 1.1.0(@types/react@18.3.12)(react@18.3.1)
      react: 18.3.1
      react-dom: 18.3.1(react@18.3.1)
    optionalDependencies:
      '@types/react': 18.3.12
      '@types/react-dom': 18.3.1

  '@radix-ui/react-collapsible@1.1.1(@types/react-dom@18.3.1)(@types/react@18.3.12)(react-dom@18.3.1(react@18.3.1))(react@18.3.1)':
    dependencies:
      '@radix-ui/primitive': 1.1.0
      '@radix-ui/react-compose-refs': 1.1.0(@types/react@18.3.12)(react@18.3.1)
      '@radix-ui/react-context': 1.1.1(@types/react@18.3.12)(react@18.3.1)
      '@radix-ui/react-id': 1.1.0(@types/react@18.3.12)(react@18.3.1)
      '@radix-ui/react-presence': 1.1.1(@types/react-dom@18.3.1)(@types/react@18.3.12)(react-dom@18.3.1(react@18.3.1))(react@18.3.1)
      '@radix-ui/react-primitive': 2.0.0(@types/react-dom@18.3.1)(@types/react@18.3.12)(react-dom@18.3.1(react@18.3.1))(react@18.3.1)
      '@radix-ui/react-use-controllable-state': 1.1.0(@types/react@18.3.12)(react@18.3.1)
      '@radix-ui/react-use-layout-effect': 1.1.0(@types/react@18.3.12)(react@18.3.1)
      react: 18.3.1
      react-dom: 18.3.1(react@18.3.1)
    optionalDependencies:
      '@types/react': 18.3.12
      '@types/react-dom': 18.3.1

  '@radix-ui/react-collection@1.1.0(@types/react-dom@18.3.1)(@types/react@18.3.12)(react-dom@18.3.1(react@18.3.1))(react@18.3.1)':
    dependencies:
      '@radix-ui/react-compose-refs': 1.1.0(@types/react@18.3.12)(react@18.3.1)
      '@radix-ui/react-context': 1.1.0(@types/react@18.3.12)(react@18.3.1)
      '@radix-ui/react-primitive': 2.0.0(@types/react-dom@18.3.1)(@types/react@18.3.12)(react-dom@18.3.1(react@18.3.1))(react@18.3.1)
      '@radix-ui/react-slot': 1.1.0(@types/react@18.3.12)(react@18.3.1)
      react: 18.3.1
      react-dom: 18.3.1(react@18.3.1)
    optionalDependencies:
      '@types/react': 18.3.12
      '@types/react-dom': 18.3.1

  '@radix-ui/react-compose-refs@1.1.0(@types/react@18.3.12)(react@18.3.1)':
    dependencies:
      react: 18.3.1
    optionalDependencies:
      '@types/react': 18.3.12

  '@radix-ui/react-context@1.1.0(@types/react@18.3.12)(react@18.3.1)':
    dependencies:
      react: 18.3.1
    optionalDependencies:
      '@types/react': 18.3.12

  '@radix-ui/react-context@1.1.1(@types/react@18.3.12)(react@18.3.1)':
    dependencies:
      react: 18.3.1
    optionalDependencies:
      '@types/react': 18.3.12

  '@radix-ui/react-direction@1.1.0(@types/react@18.3.12)(react@18.3.1)':
    dependencies:
      react: 18.3.1
    optionalDependencies:
      '@types/react': 18.3.12

  '@radix-ui/react-icons@1.3.2(react@18.3.1)':
    dependencies:
      react: 18.3.1

  '@radix-ui/react-id@1.1.0(@types/react@18.3.12)(react@18.3.1)':
    dependencies:
      '@radix-ui/react-use-layout-effect': 1.1.0(@types/react@18.3.12)(react@18.3.1)
      react: 18.3.1
    optionalDependencies:
      '@types/react': 18.3.12

  '@radix-ui/react-label@2.1.0(@types/react-dom@18.3.1)(@types/react@18.3.12)(react-dom@18.3.1(react@18.3.1))(react@18.3.1)':
    dependencies:
      '@radix-ui/react-primitive': 2.0.0(@types/react-dom@18.3.1)(@types/react@18.3.12)(react-dom@18.3.1(react@18.3.1))(react@18.3.1)
      react: 18.3.1
      react-dom: 18.3.1(react@18.3.1)
    optionalDependencies:
      '@types/react': 18.3.12
      '@types/react-dom': 18.3.1

  '@radix-ui/react-presence@1.1.1(@types/react-dom@18.3.1)(@types/react@18.3.12)(react-dom@18.3.1(react@18.3.1))(react@18.3.1)':
    dependencies:
      '@radix-ui/react-compose-refs': 1.1.0(@types/react@18.3.12)(react@18.3.1)
      '@radix-ui/react-use-layout-effect': 1.1.0(@types/react@18.3.12)(react@18.3.1)
      react: 18.3.1
      react-dom: 18.3.1(react@18.3.1)
    optionalDependencies:
      '@types/react': 18.3.12
      '@types/react-dom': 18.3.1

  '@radix-ui/react-primitive@2.0.0(@types/react-dom@18.3.1)(@types/react@18.3.12)(react-dom@18.3.1(react@18.3.1))(react@18.3.1)':
    dependencies:
      '@radix-ui/react-slot': 1.1.0(@types/react@18.3.12)(react@18.3.1)
      react: 18.3.1
      react-dom: 18.3.1(react@18.3.1)
    optionalDependencies:
      '@types/react': 18.3.12
      '@types/react-dom': 18.3.1

  '@radix-ui/react-roving-focus@1.1.0(@types/react-dom@18.3.1)(@types/react@18.3.12)(react-dom@18.3.1(react@18.3.1))(react@18.3.1)':
    dependencies:
      '@radix-ui/primitive': 1.1.0
      '@radix-ui/react-collection': 1.1.0(@types/react-dom@18.3.1)(@types/react@18.3.12)(react-dom@18.3.1(react@18.3.1))(react@18.3.1)
      '@radix-ui/react-compose-refs': 1.1.0(@types/react@18.3.12)(react@18.3.1)
      '@radix-ui/react-context': 1.1.0(@types/react@18.3.12)(react@18.3.1)
      '@radix-ui/react-direction': 1.1.0(@types/react@18.3.12)(react@18.3.1)
      '@radix-ui/react-id': 1.1.0(@types/react@18.3.12)(react@18.3.1)
      '@radix-ui/react-primitive': 2.0.0(@types/react-dom@18.3.1)(@types/react@18.3.12)(react-dom@18.3.1(react@18.3.1))(react@18.3.1)
      '@radix-ui/react-use-callback-ref': 1.1.0(@types/react@18.3.12)(react@18.3.1)
      '@radix-ui/react-use-controllable-state': 1.1.0(@types/react@18.3.12)(react@18.3.1)
      react: 18.3.1
      react-dom: 18.3.1(react@18.3.1)
    optionalDependencies:
      '@types/react': 18.3.12
      '@types/react-dom': 18.3.1

  '@radix-ui/react-slot@1.1.0(@types/react@18.3.12)(react@18.3.1)':
    dependencies:
      '@radix-ui/react-compose-refs': 1.1.0(@types/react@18.3.12)(react@18.3.1)
      react: 18.3.1
    optionalDependencies:
      '@types/react': 18.3.12

  '@radix-ui/react-tabs@1.1.1(@types/react-dom@18.3.1)(@types/react@18.3.12)(react-dom@18.3.1(react@18.3.1))(react@18.3.1)':
    dependencies:
      '@radix-ui/primitive': 1.1.0
      '@radix-ui/react-context': 1.1.1(@types/react@18.3.12)(react@18.3.1)
      '@radix-ui/react-direction': 1.1.0(@types/react@18.3.12)(react@18.3.1)
      '@radix-ui/react-id': 1.1.0(@types/react@18.3.12)(react@18.3.1)
      '@radix-ui/react-presence': 1.1.1(@types/react-dom@18.3.1)(@types/react@18.3.12)(react-dom@18.3.1(react@18.3.1))(react@18.3.1)
      '@radix-ui/react-primitive': 2.0.0(@types/react-dom@18.3.1)(@types/react@18.3.12)(react-dom@18.3.1(react@18.3.1))(react@18.3.1)
      '@radix-ui/react-roving-focus': 1.1.0(@types/react-dom@18.3.1)(@types/react@18.3.12)(react-dom@18.3.1(react@18.3.1))(react@18.3.1)
      '@radix-ui/react-use-controllable-state': 1.1.0(@types/react@18.3.12)(react@18.3.1)
      react: 18.3.1
      react-dom: 18.3.1(react@18.3.1)
    optionalDependencies:
      '@types/react': 18.3.12
      '@types/react-dom': 18.3.1

  '@radix-ui/react-use-callback-ref@1.1.0(@types/react@18.3.12)(react@18.3.1)':
    dependencies:
      react: 18.3.1
    optionalDependencies:
      '@types/react': 18.3.12

  '@radix-ui/react-use-controllable-state@1.1.0(@types/react@18.3.12)(react@18.3.1)':
    dependencies:
      '@radix-ui/react-use-callback-ref': 1.1.0(@types/react@18.3.12)(react@18.3.1)
      react: 18.3.1
    optionalDependencies:
      '@types/react': 18.3.12

  '@radix-ui/react-use-layout-effect@1.1.0(@types/react@18.3.12)(react@18.3.1)':
    dependencies:
      react: 18.3.1
    optionalDependencies:
      '@types/react': 18.3.12

  '@scure/base@1.1.9': {}

  '@scure/bip32@1.5.0':
    dependencies:
      '@noble/curves': 1.6.0
      '@noble/hashes': 1.5.0
      '@scure/base': 1.1.9

  '@scure/bip39@1.4.0':
    dependencies:
      '@noble/hashes': 1.5.0
      '@scure/base': 1.1.9

  '@swc/counter@0.1.3': {}

  '@swc/helpers@0.5.5':
    dependencies:
      '@swc/counter': 0.1.3
      tslib: 2.8.1

  '@types/node@20.17.6':
    dependencies:
      undici-types: 6.19.8

  '@types/prop-types@15.7.13': {}

  '@types/react-dom@18.3.1':
    dependencies:
      '@types/react': 18.3.12

  '@types/react@18.3.12':
    dependencies:
      '@types/prop-types': 15.7.13
      csstype: 3.1.3

  abitype@1.0.6(typescript@5.6.3):
    optionalDependencies:
      typescript: 5.6.3

  asynckit@0.4.0: {}

  busboy@1.6.0:
    dependencies:
      streamsearch: 1.1.0

  caniuse-lite@1.0.30001680: {}

  class-variance-authority@0.7.0:
    dependencies:
      clsx: 2.0.0

  client-only@0.0.1: {}

  clsx@2.0.0: {}

  clsx@2.1.1: {}

  combined-stream@1.0.8:
    dependencies:
      delayed-stream: 1.0.0

  copy-anything@3.0.5:
    dependencies:
      is-what: 4.1.16

  csstype@3.1.3: {}

  delayed-stream@1.0.0: {}

  dotenv@16.4.5: {}

  eventemitter3@5.0.1: {}

  form-data@4.0.1:
    dependencies:
      asynckit: 0.4.0
      combined-stream: 1.0.8
      mime-types: 2.1.35

  graceful-fs@4.2.11: {}

  is-what@4.1.16: {}

  isows@1.0.6(ws@8.18.0):
    dependencies:
      ws: 8.18.0

  js-tokens@4.0.0: {}

  loose-envify@1.4.0:
    dependencies:
      js-tokens: 4.0.0

  mime-db@1.52.0: {}

  mime-types@2.1.35:
    dependencies:
      mime-db: 1.52.0

  nanoid@3.3.7: {}

  net@1.0.2: {}

  next@14.2.15(react-dom@18.3.1(react@18.3.1))(react@18.3.1):
    dependencies:
      '@next/env': 14.2.15
      '@swc/helpers': 0.5.5
      busboy: 1.6.0
      caniuse-lite: 1.0.30001680
      graceful-fs: 4.2.11
      postcss: 8.4.31
      react: 18.3.1
      react-dom: 18.3.1(react@18.3.1)
      styled-jsx: 5.1.1(react@18.3.1)
    optionalDependencies:
      '@next/swc-darwin-arm64': 14.2.15
      '@next/swc-darwin-x64': 14.2.15
      '@next/swc-linux-arm64-gnu': 14.2.15
      '@next/swc-linux-arm64-musl': 14.2.15
      '@next/swc-linux-x64-gnu': 14.2.15
      '@next/swc-linux-x64-musl': 14.2.15
      '@next/swc-win32-arm64-msvc': 14.2.15
      '@next/swc-win32-ia32-msvc': 14.2.15
      '@next/swc-win32-x64-msvc': 14.2.15
    transitivePeerDependencies:
      - '@babel/core'
      - babel-plugin-macros

  ox@0.1.2(typescript@5.6.3):
    dependencies:
      '@adraffy/ens-normalize': 1.11.0
      '@noble/curves': 1.6.0
      '@noble/hashes': 1.5.0
      '@scure/bip32': 1.5.0
      '@scure/bip39': 1.4.0
      abitype: 1.0.6(typescript@5.6.3)
      eventemitter3: 5.0.1
    optionalDependencies:
      typescript: 5.6.3
    transitivePeerDependencies:
      - zod

  picocolors@1.1.1: {}

  postcss@8.4.31:
    dependencies:
      nanoid: 3.3.7
      picocolors: 1.1.1
      source-map-js: 1.2.1

  react-dom@18.3.1(react@18.3.1):
    dependencies:
      loose-envify: 1.4.0
      react: 18.3.1
      scheduler: 0.23.2

  react@18.3.1:
    dependencies:
      loose-envify: 1.4.0

  scheduler@0.23.2:
    dependencies:
      loose-envify: 1.4.0

  source-map-js@1.2.1: {}

  streamsearch@1.1.0: {}

  styled-jsx@5.1.1(react@18.3.1):
    dependencies:
      client-only: 0.0.1
      react: 18.3.1

  superjson@2.2.1:
    dependencies:
      copy-anything: 3.0.5

  tailwind-merge@2.5.4: {}

  tslib@2.8.1: {}

  typescript@5.6.3: {}

  undici-types@6.19.8: {}

  viem@2.21.45(typescript@5.6.3):
    dependencies:
      '@noble/curves': 1.6.0
      '@noble/hashes': 1.5.0
      '@scure/bip32': 1.5.0
      '@scure/bip39': 1.4.0
      abitype: 1.0.6(typescript@5.6.3)
      isows: 1.0.6(ws@8.18.0)
      ox: 0.1.2(typescript@5.6.3)
      webauthn-p256: 0.0.10
      ws: 8.18.0
    optionalDependencies:
      typescript: 5.6.3
    transitivePeerDependencies:
      - bufferutil
      - utf-8-validate
      - zod

  webauthn-p256@0.0.10:
    dependencies:
      '@noble/curves': 1.6.0
      '@noble/hashes': 1.5.0

  ws@8.18.0: {}
